
Microsoft Visual Studio Solution File, Format Version 12.00
# Visual Studio 14
VisualStudioVersion = 14.0.24720.0
MinimumVisualStudioVersion = 10.0.40219.1
Project("{FAE04EC0-301F-11D3-BF4B-00C04F79EFBC}") = "MARKY_VWEB", "MARKY_VWEB\MARKY_VWEB.csproj", "{46ACD699-0BB3-4FA1-A69E-01A40D265639}"
EndProject
Global
	GlobalSection(SolutionConfigurationPlatforms) = preSolution
		Debug|Any CPU = Debug|Any CPU
		Release|Any CPU = Release|Any CPU
	EndGlobalSection
	GlobalSection(ProjectConfigurationPlatforms) = postSolution
		{46ACD699-0BB3-4FA1-A69E-01A40D265639}.Debug|Any CPU.ActiveCfg = Debug|Any CPU
		{46ACD699-0BB3-4FA1-A69E-01A40D265639}.Debug|Any CPU.Build.0 = Debug|Any CPU
		{46ACD699-0BB3-4FA1-A69E-01A40D265639}.Release|Any CPU.ActiveCfg = Release|Any CPU
		{46ACD699-0BB3-4FA1-A69E-01A40D265639}.Release|Any CPU.Build.0 = Release|Any CPU
	EndGlobalSection
	GlobalSection(SolutionProperties) = preSolution
		HideSolutionNode = FALSE
	EndGlobalSection
EndGlobal
